
Microsoft Visual Studio Solution File, Format Version 12.00
# Visual Studio Version 17
VisualStudioVersion = 17.1.32328.378
MinimumVisualStudioVersion = 10.0.40219.1
Project("{FAE04EC0-301F-11D3-BF4B-00C04F79EFBC}") = "BKD-NetCore_SQLServer", "BKD-NetCore_SQLServer\BKD-NetCore_SQLServer.csproj", "{B76760BA-8294-47B3-9AB0-D850B5139CF9}"
EndProject
Global
	GlobalSection(SolutionConfigurationPlatforms) = preSolution
		Debug|Any CPU = Debug|Any CPU
		Release|Any CPU = Release|Any CPU
	EndGlobalSection
	GlobalSection(ProjectConfigurationPlatforms) = postSolution
		{B76760BA-8294-47B3-9AB0-D850B5139CF9}.Debug|Any CPU.ActiveCfg = Debug|Any CPU
		{B76760BA-8294-47B3-9AB0-D850B5139CF9}.Debug|Any CPU.Build.0 = Debug|Any CPU
		{B76760BA-8294-47B3-9AB0-D850B5139CF9}.Release|Any CPU.ActiveCfg = Release|Any CPU
		{B76760BA-8294-47B3-9AB0-D850B5139CF9}.Release|Any CPU.Build.0 = Release|Any CPU
	EndGlobalSection
	GlobalSection(SolutionProperties) = preSolution
		HideSolutionNode = FALSE
	EndGlobalSection
	GlobalSection(ExtensibilityGlobals) = postSolution
		SolutionGuid = {8CDE1EB3-53D6-40DD-BEE7-0514B0E15F4D}
	EndGlobalSection
EndGlobal
